<?xml version="1.0" encoding="utf-8"?>
<Project ToolsVersion="4.0" xmlns="http://schemas.microsoft.com/developer/msbuild/2003">
  <ItemGroup>
    <Filter Include="Source Files">
      <UniqueIdentifier>{b2cda987-cc7d-43d9-848c-2bf90cd31e20}</UniqueIdentifier>
    </Filter>
    <Filter Include="Header Files">
      <UniqueIdentifier>{1a3866e5-d0fb-4e92-bc27-b21bd123aa0e}</UniqueIdentifier>
    </Filter>
    <Filter Include="Resources">
      <UniqueIdentifier>{f03477d0-f9e9-4262-a021-e6f7bf4fb0e4}</UniqueIdentifier>
    </Filter>
  </ItemGroup>
  <ItemGroup>
    <None Include="resources\depthshader.fx">
      <Filter>Resources</Filter>
    </None>
    <None Include="resources\shadow.fx">
      <Filter>Resources</Filter>
    </None>
    <None Include="resources\shadowbump.fx">
      <Filter>Resources</Filter>
    </None>
    <None Include="resources\sphere.txt">
      <Filter>Resources</Filter>
    </None>
    <None Include="resources\stone01.dds">
      <Filter>Resources</Filter>
    </None>
    <None Include="resources\sunmap.dds">
      <Filter>Resources</Filter>
    </None>
    <None Include="resources\bump01.dds">
      <Filter>Resources</Filter>
    </None>
    <None Include="resources\cube.txt">
      <Filter>Resources</Filter>
    </None>
  </ItemGroup>
  <ItemGroup>
    <ClInclude Include="Classes\D3D.h">
      <Filter>Header Files</Filter>
    </ClInclude>
    <ClInclude Include="Classes\DepthShader.h">
      <Filter>Header Files</Filter>
    </ClInclude>
    <ClInclude Include="Classes\Graphics.h">
      <Filter>Header Files</Filter>
    </ClInclude>
    <ClInclude Include="Classes\Helper.h">
      <Filter>Header Files</Filter>
    </ClInclude>
    <ClInclude Include="Classes\ILight.h">
      <Filter>Header Files</Filter>
    </ClInclude>
    <ClInclude Include="Classes\Input.h">
      <Filter>Header Files</Filter>
    </ClInclude>
    <ClInclude Include="Classes\IShadowShader.h">
      <Filter>Header Files</Filter>
    </ClInclude>
    <ClInclude Include="Classes\Model.h">
      <Filter>Header Files</Filter>
    </ClInclude>
    <ClInclude Include="Classes\Render2Texture.h">
      <Filter>Header Files</Filter>
    </ClInclude>
    <ClInclude Include="Classes\ShadowAndBumpShader.h">
      <Filter>Header Files</Filter>
    </ClInclude>
    <ClInclude Include="Classes\ShadowShader.h">
      <Filter>Header Files</Filter>
    </ClInclude>
    <ClInclude Include="Classes\SpotLight.h">
      <Filter>Header Files</Filter>
    </ClInclude>
    <ClInclude Include="Classes\Texture.h">
      <Filter>Header Files</Filter>
    </ClInclude>
    <ClInclude Include="Classes\TextureArray.h">
      <Filter>Header Files</Filter>
    </ClInclude>
    <ClInclude Include="Classes\Timer.h">
      <Filter>Header Files</Filter>
    </ClInclude>
    <ClInclude Include="Classes\Application.h">
      <Filter>Header Files</Filter>
    </ClInclude>
    <ClInclude Include="Classes\Camera.h">
      <Filter>Header Files</Filter>
    </ClInclude>
  </ItemGroup>
  <ItemGroup>
    <ClCompile Include="Classes\Camera.cpp">
      <Filter>Source Files</Filter>
    </ClCompile>
    <ClCompile Include="Classes\D3D.cpp">
      <Filter>Source Files</Filter>
    </ClCompile>
    <ClCompile Include="Classes\DepthShader.cpp">
      <Filter>Source Files</Filter>
    </ClCompile>
    <ClCompile Include="Classes\Graphics.cpp">
      <Filter>Source Files</Filter>
    </ClCompile>
    <ClCompile Include="Classes\ILight.cpp">
      <Filter>Source Files</Filter>
    </ClCompile>
    <ClCompile Include="Classes\Input.cpp">
      <Filter>Source Files</Filter>
    </ClCompile>
    <ClCompile Include="Classes\main.cpp">
      <Filter>Source Files</Filter>
    </ClCompile>
    <ClCompile Include="Classes\Model.cpp">
      <Filter>Source Files</Filter>
    </ClCompile>
    <ClCompile Include="Classes\Render2Texture.cpp">
      <Filter>Source Files</Filter>
    </ClCompile>
    <ClCompile Include="Classes\ShadowAndBumpShader.cpp">
      <Filter>Source Files</Filter>
    </ClCompile>
    <ClCompile Include="Classes\ShadowShader.cpp">
      <Filter>Source Files</Filter>
    </ClCompile>
    <ClCompile Include="Classes\SpotLight.cpp">
      <Filter>Source Files</Filter>
    </ClCompile>
    <ClCompile Include="Classes\Texture.cpp">
      <Filter>Source Files</Filter>
    </ClCompile>
    <ClCompile Include="Classes\TextureArray.cpp">
      <Filter>Source Files</Filter>
    </ClCompile>
    <ClCompile Include="Classes\Timer.cpp">
      <Filter>Source Files</Filter>
    </ClCompile>
    <ClCompile Include="Classes\Application.cpp">
      <Filter>Source Files</Filter>
    </ClCompile>
  </ItemGroup>
</Project>